
Microsoft Visual Studio Solution File, Format Version 12.00
# Visual Studio 2013
VisualStudioVersion = 12.0.40629.0
MinimumVisualStudioVersion = 10.0.40219.1
Project("{FAE04EC0-301F-11D3-BF4B-00C04F79EFBC}") = "SqlGenerater", "SqlGenerater\SqlGenerater.csproj", "{954DFF5B-1DE4-46F2-BD3E-573BD57EDA7E}"
EndProject
Project("{FAE04EC0-301F-11D3-BF4B-00C04F79EFBC}") = "SqlGenerater.Test", "SqlGenerater.Test\SqlGenerater.Test.csproj", "{1BF8497D-AC67-4D1F-B4BA-D829C7304C93}"
EndProject
Project("{2150E333-8FDC-42A3-9474-1A3956D46DE8}") = "ProjectFile", "ProjectFile", "{BB252774-60DC-4E3E-9DAC-620EE8E496E0}"
	ProjectSection(SolutionItems) = preProject
		.gitignore = .gitignore
		LICENSE = LICENSE
		README.md = README.md
		ShareAssemblyInfo.cs = ShareAssemblyInfo.cs
		TODO.md = TODO.md
	EndProjectSection
EndProject
Global
	GlobalSection(SolutionConfigurationPlatforms) = preSolution
		Debug|Any CPU = Debug|Any CPU
		Release|Any CPU = Release|Any CPU
	EndGlobalSection
	GlobalSection(ProjectConfigurationPlatforms) = postSolution
		{954DFF5B-1DE4-46F2-BD3E-573BD57EDA7E}.Debug|Any CPU.ActiveCfg = Debug|Any CPU
		{954DFF5B-1DE4-46F2-BD3E-573BD57EDA7E}.Debug|Any CPU.Build.0 = Debug|Any CPU
		{954DFF5B-1DE4-46F2-BD3E-573BD57EDA7E}.Release|Any CPU.ActiveCfg = Release|Any CPU
		{954DFF5B-1DE4-46F2-BD3E-573BD57EDA7E}.Release|Any CPU.Build.0 = Release|Any CPU
		{1BF8497D-AC67-4D1F-B4BA-D829C7304C93}.Debug|Any CPU.ActiveCfg = Debug|Any CPU
		{1BF8497D-AC67-4D1F-B4BA-D829C7304C93}.Debug|Any CPU.Build.0 = Debug|Any CPU
		{1BF8497D-AC67-4D1F-B4BA-D829C7304C93}.Release|Any CPU.ActiveCfg = Release|Any CPU
		{1BF8497D-AC67-4D1F-B4BA-D829C7304C93}.Release|Any CPU.Build.0 = Release|Any CPU
	EndGlobalSection
	GlobalSection(SolutionProperties) = preSolution
		HideSolutionNode = FALSE
	EndGlobalSection
EndGlobal
